{
  "name": "dependency-viewer",
  "version": "1.0.0",
  "lockfileVersion": 3,
  "requires": true,
  "packages": {
    "": {
      "name": "dependency-viewer",
      "version": "1.0.0",
      "license": "Beerware",
      "dependencies": {
        "@nmide/js-utils": "^1.3.0"
      }
    },
    "node_modules/@nmide/js-utils": {
      "version": "1.3.0",
      "resolved": "https://registry.npmjs.org/@nmide/js-utils/-/js-utils-1.3.0.tgz",
      "integrity": "sha512-FkAuLmxqkyeiC5DpWjCJtxwdwcDxULPQixCkPN5KfI1tFeIAajMpShqlJn47HZh4ra9LYLwHCi2t/8JIVdyGmA==",
      "license": "Beerware",
      "dependencies": {
        "fp-ts": "^2.16.9",
        "io-ts": "^2.2.21"
      }
    },
    "node_modules/fp-ts": {
      "version": "2.16.9",
      "resolved": "https://registry.npmjs.org/fp-ts/-/fp-ts-2.16.9.tgz",
      "integrity": "sha512-+I2+FnVB+tVaxcYyQkHUq7ZdKScaBlX53A41mxQtpIccsfyv8PzdzP7fzp2AY832T4aoK6UZ5WRX/ebGd8uZuQ==",
      "license": "MIT"
    },
    "node_modules/io-ts": {
      "version": "2.2.21",
      "resolved": "https://registry.npmjs.org/io-ts/-/io-ts-2.2.21.tgz",
      "integrity": "sha512-zz2Z69v9ZIC3mMLYWIeoUcwWD6f+O7yP92FMVVaXEOSZH1jnVBmET/urd/uoarD1WGBY4rCj8TAyMPzsGNzMFQ==",
      "license": "MIT",
      "peerDependencies": {
        "fp-ts": "^2.5.0"
      }
    }
  }
}
