{
  "lockfileVersion": 1,
  "workspaces": {
    "": {
      "name": "ide-editor",
      "dependencies": {
        "@nmide/js-utils": "link:@nmide/js-utils",
      },
      "devDependencies": {
        "typescript": "^5.8.3",
      },
    },
  },
  "packages": {
    "@nmide/js-utils": ["@nmide/js-utils@link:@nmide/js-utils", {}],

    "typescript": ["typescript@5.8.3", "", { "bin": { "tsc": "bin/tsc", "tsserver": "bin/tsserver" } }, "sha512-p1diW6TqL9L07nNxvRMM7hMMw4c5XOo/1ibL4aAIGmSAt9slTE1Xgw5KWuof2uTOvCg9BY7ZRi+GaF+7sfgPeQ=="],
  }
}
