{
  "lockfileVersion": 1,
  "workspaces": {
    "": {
      "name": "@nmide/js-core-std-lib",
      "dependencies": {
        "@nmide/js-client": "link:@nmide/js-client",
        "@nmide/js-decoder-lib": "link:@nmide/js-decoder-lib",
        "@nmide/js-utils": "link:@nmide/js-utils",
        "@tauri-apps/api": "^2.5.0",
        "fp-ts": "^2.16.10",
      },
      "devDependencies": {
        "@types/bun": "latest",
      },
      "peerDependencies": {
        "typescript": "^5.0.0",
      },
    },
  },
  "packages": {
    "@nmide/js-client": ["@nmide/js-client@link:@nmide/js-client", {}],

    "@nmide/js-decoder-lib": ["@nmide/js-decoder-lib@link:@nmide/js-decoder-lib", {}],

    "@nmide/js-utils": ["@nmide/js-utils@link:@nmide/js-utils", {}],

    "@tauri-apps/api": ["@tauri-apps/api@2.5.0", "", {}, "sha512-Ldux4ip+HGAcPUmuLT8EIkk6yafl5vK0P0c0byzAKzxJh7vxelVtdPONjfgTm96PbN24yjZNESY8CKo8qniluA=="],

    "@types/bun": ["@types/bun@1.2.14", "", { "dependencies": { "bun-types": "1.2.14" } }, "sha512-VsFZKs8oKHzI7zwvECiAJ5oSorWndIWEVhfbYqZd4HI/45kzW7PN2Rr5biAzvGvRuNmYLSANY+H59ubHq8xw7Q=="],

    "@types/node": ["@types/node@22.15.21", "", { "dependencies": { "undici-types": "~6.21.0" } }, "sha512-EV/37Td6c+MgKAbkcLG6vqZ2zEYHD7bvSrzqqs2RIhbA6w3x+Dqz8MZM3sP6kGTeLrdoOgKZe+Xja7tUB2DNkQ=="],

    "bun-types": ["bun-types@1.2.14", "", { "dependencies": { "@types/node": "*" } }, "sha512-Kuh4Ub28ucMRWeiUUWMHsT9Wcbr4H3kLIO72RZZElSDxSu7vpetRvxIUDUaW6QtaIeixIpm7OXtNnZPf82EzwA=="],

    "fp-ts": ["fp-ts@2.16.10", "", {}, "sha512-vuROzbNVfCmUkZSUbnWSltR1sbheyQbTzug7LB/46fEa1c0EucLeBaCEUE0gF3ZGUGBt9lVUiziGOhhj6K1ORA=="],

    "typescript": ["typescript@5.8.3", "", { "bin": { "tsc": "bin/tsc", "tsserver": "bin/tsserver" } }, "sha512-p1diW6TqL9L07nNxvRMM7hMMw4c5XOo/1ibL4aAIGmSAt9slTE1Xgw5KWuof2uTOvCg9BY7ZRi+GaF+7sfgPeQ=="],

    "undici-types": ["undici-types@6.21.0", "", {}, "sha512-iwDZqg0QAGrg9Rav5H4n0M64c3mkR59cJ6wQp+7C4nI0gsmExaedaYLNO44eT4AtBBwjbTiGPMlt2Md0T9H9JQ=="],
  }
}
